# auto-generated by grc.converter

id: dvbc_modulator_bc
label: DVB-C Modulator
category: '[Core]/Digital Television/DVB-C'

parameters:
-   id: constellation
    label: Constellation
    dtype: enum
    options: [MOD_16QAM, MOD_12QAM, MOD_64QAM, MOD_128QAM, MOD_256QAM]
    option_labels: [16QAM, 32QAM, 64QAM, 128QAM, 256QAM]
    option_attributes:
        val: [dvbc.MOD_16QAM, dvbc.MOD_32QAM, dvbc.MOD_64QAM, dvbc.MOD_128QAM, dvbc.MOD_256QAM]

inputs:
-   domain: stream
    dtype: byte

outputs:
-   domain: stream
    dtype: complex

templates:
    imports: from gnuradio import dvbc
    make: dvbc.modulator_bc(${constellation.val})

file_format: 1
